
Microsoft Visual Studio Solution File, Format Version 12.00
# Visual Studio Version 17
VisualStudioVersion = 17.7.34202.233
MinimumVisualStudioVersion = 10.0.40219.1
Project("{FAE04EC0-301F-11D3-BF4B-00C04F79EFBC}") = "ConsoleApp4", "ConsoleApp4\ConsoleApp4.csproj", "{10F6A8CA-EC9D-41E5-BD53-07CAF59D9788}"
EndProject
Global
	GlobalSection(SolutionConfigurationPlatforms) = preSolution
		Debug|Any CPU = Debug|Any CPU
		Release|Any CPU = Release|Any CPU
	EndGlobalSection
	GlobalSection(ProjectConfigurationPlatforms) = postSolution
		{10F6A8CA-EC9D-41E5-BD53-07CAF59D9788}.Debug|Any CPU.ActiveCfg = Debug|Any CPU
		{10F6A8CA-EC9D-41E5-BD53-07CAF59D9788}.Debug|Any CPU.Build.0 = Debug|Any CPU
		{10F6A8CA-EC9D-41E5-BD53-07CAF59D9788}.Release|Any CPU.ActiveCfg = Release|Any CPU
		{10F6A8CA-EC9D-41E5-BD53-07CAF59D9788}.Release|Any CPU.Build.0 = Release|Any CPU
	EndGlobalSection
	GlobalSection(SolutionProperties) = preSolution
		HideSolutionNode = FALSE
	EndGlobalSection
	GlobalSection(ExtensibilityGlobals) = postSolution
		SolutionGuid = {BC96074B-68BE-4DAC-9C01-A2E3CD66A05F}
	EndGlobalSection
EndGlobal
