
Microsoft Visual Studio Solution File, Format Version 12.00
# Visual Studio Version 17
VisualStudioVersion = 17.7.34202.233
MinimumVisualStudioVersion = 10.0.40219.1
Project("{9A19103F-16F7-4668-BE54-9A1E7A4F7556}") = "ConsoleApp2", "ConsoleApp2\ConsoleApp2.csproj", "{FBFBF9DC-7ED4-4B40-AB94-956835D809E5}"
EndProject
Project("{9A19103F-16F7-4668-BE54-9A1E7A4F7556}") = "ShoppingAppModelLibrary2", "ShoppingAppModelLibrary2\ShoppingAppModelLibrary2.csproj", "{2EAAD18B-8BD6-4A66-8CFF-54B0C0E364F0}"
EndProject
Project("{FAE04EC0-301F-11D3-BF4B-00C04F79EFBC}") = "ShoppingDALLibrary", "ShoppingDALLibrary\ShoppingDALLibrary.csproj", "{8D7EB765-4757-4A63-B02E-946E4AE88B31}"
EndProject
Global
	GlobalSection(SolutionConfigurationPlatforms) = preSolution
		Debug|Any CPU = Debug|Any CPU
		Release|Any CPU = Release|Any CPU
	EndGlobalSection
	GlobalSection(ProjectConfigurationPlatforms) = postSolution
		{FBFBF9DC-7ED4-4B40-AB94-956835D809E5}.Debug|Any CPU.ActiveCfg = Debug|Any CPU
		{FBFBF9DC-7ED4-4B40-AB94-956835D809E5}.Debug|Any CPU.Build.0 = Debug|Any CPU
		{FBFBF9DC-7ED4-4B40-AB94-956835D809E5}.Release|Any CPU.ActiveCfg = Release|Any CPU
		{FBFBF9DC-7ED4-4B40-AB94-956835D809E5}.Release|Any CPU.Build.0 = Release|Any CPU
		{2EAAD18B-8BD6-4A66-8CFF-54B0C0E364F0}.Debug|Any CPU.ActiveCfg = Debug|Any CPU
		{2EAAD18B-8BD6-4A66-8CFF-54B0C0E364F0}.Debug|Any CPU.Build.0 = Debug|Any CPU
		{2EAAD18B-8BD6-4A66-8CFF-54B0C0E364F0}.Release|Any CPU.ActiveCfg = Release|Any CPU
		{2EAAD18B-8BD6-4A66-8CFF-54B0C0E364F0}.Release|Any CPU.Build.0 = Release|Any CPU
		{8D7EB765-4757-4A63-B02E-946E4AE88B31}.Debug|Any CPU.ActiveCfg = Debug|Any CPU
		{8D7EB765-4757-4A63-B02E-946E4AE88B31}.Debug|Any CPU.Build.0 = Debug|Any CPU
		{8D7EB765-4757-4A63-B02E-946E4AE88B31}.Release|Any CPU.ActiveCfg = Release|Any CPU
		{8D7EB765-4757-4A63-B02E-946E4AE88B31}.Release|Any CPU.Build.0 = Release|Any CPU
	EndGlobalSection
	GlobalSection(SolutionProperties) = preSolution
		HideSolutionNode = FALSE
	EndGlobalSection
	GlobalSection(ExtensibilityGlobals) = postSolution
		SolutionGuid = {884AAB19-CF0E-4D82-BCD3-B6228D31405F}
	EndGlobalSection
EndGlobal
