
Microsoft Visual Studio Solution File, Format Version 12.00
# Visual Studio Version 17
VisualStudioVersion = 17.7.34202.233
MinimumVisualStudioVersion = 10.0.40219.1
Project("{FAE04EC0-301F-11D3-BF4B-00C04F79EFBC}") = "ConsoleApp5", "ConsoleApp5\ConsoleApp5.csproj", "{476BA868-46DD-439E-9B09-5F6095C842A4}"
EndProject
Global
	GlobalSection(SolutionConfigurationPlatforms) = preSolution
		Debug|Any CPU = Debug|Any CPU
		Release|Any CPU = Release|Any CPU
	EndGlobalSection
	GlobalSection(ProjectConfigurationPlatforms) = postSolution
		{476BA868-46DD-439E-9B09-5F6095C842A4}.Debug|Any CPU.ActiveCfg = Debug|Any CPU
		{476BA868-46DD-439E-9B09-5F6095C842A4}.Debug|Any CPU.Build.0 = Debug|Any CPU
		{476BA868-46DD-439E-9B09-5F6095C842A4}.Release|Any CPU.ActiveCfg = Release|Any CPU
		{476BA868-46DD-439E-9B09-5F6095C842A4}.Release|Any CPU.Build.0 = Release|Any CPU
	EndGlobalSection
	GlobalSection(SolutionProperties) = preSolution
		HideSolutionNode = FALSE
	EndGlobalSection
	GlobalSection(ExtensibilityGlobals) = postSolution
		SolutionGuid = {F6E1E954-05C6-43FE-9DC3-61C16BF75A16}
	EndGlobalSection
EndGlobal
