
Microsoft Visual Studio Solution File, Format Version 12.00
# Visual Studio Version 17
VisualStudioVersion = 17.7.34202.233
MinimumVisualStudioVersion = 10.0.40219.1
Project("{FAE04EC0-301F-11D3-BF4B-00C04F79EFBC}") = "FirstApp", "FirstApp.csproj", "{0E0A4E79-9EEB-4983-9BE2-6666DE29EAF0}"
EndProject
Global
	GlobalSection(SolutionConfigurationPlatforms) = preSolution
		Debug|Any CPU = Debug|Any CPU
		Release|Any CPU = Release|Any CPU
	EndGlobalSection
	GlobalSection(ProjectConfigurationPlatforms) = postSolution
		{0E0A4E79-9EEB-4983-9BE2-6666DE29EAF0}.Debug|Any CPU.ActiveCfg = Debug|Any CPU
		{0E0A4E79-9EEB-4983-9BE2-6666DE29EAF0}.Debug|Any CPU.Build.0 = Debug|Any CPU
		{0E0A4E79-9EEB-4983-9BE2-6666DE29EAF0}.Release|Any CPU.ActiveCfg = Release|Any CPU
		{0E0A4E79-9EEB-4983-9BE2-6666DE29EAF0}.Release|Any CPU.Build.0 = Release|Any CPU
	EndGlobalSection
	GlobalSection(SolutionProperties) = preSolution
		HideSolutionNode = FALSE
	EndGlobalSection
	GlobalSection(ExtensibilityGlobals) = postSolution
		SolutionGuid = {E55C0DB2-10CF-4491-BC08-FBCDA7FD1991}
	EndGlobalSection
EndGlobal
